
Microsoft Visual Studio Solution File, Format Version 12.00
# Visual Studio 15
VisualStudioVersion = 15.0.28010.2019
MinimumVisualStudioVersion = 10.0.40219.1
Project("{FAE04EC0-301F-11D3-BF4B-00C04F79EFBC}") = "MinimumSpanningTree", "MinimumSpanningTree\MinimumSpanningTree.csproj", "{7F93242F-7B04-4941-A3D3-EDD0BBF56936}"
EndProject
Global
	GlobalSection(SolutionConfigurationPlatforms) = preSolution
		Debug|Any CPU = Debug|Any CPU
		Release|Any CPU = Release|Any CPU
	EndGlobalSection
	GlobalSection(ProjectConfigurationPlatforms) = postSolution
		{7F93242F-7B04-4941-A3D3-EDD0BBF56936}.Debug|Any CPU.ActiveCfg = Debug|Any CPU
		{7F93242F-7B04-4941-A3D3-EDD0BBF56936}.Debug|Any CPU.Build.0 = Debug|Any CPU
		{7F93242F-7B04-4941-A3D3-EDD0BBF56936}.Release|Any CPU.ActiveCfg = Release|Any CPU
		{7F93242F-7B04-4941-A3D3-EDD0BBF56936}.Release|Any CPU.Build.0 = Release|Any CPU
	EndGlobalSection
	GlobalSection(SolutionProperties) = preSolution
		HideSolutionNode = FALSE
	EndGlobalSection
	GlobalSection(ExtensibilityGlobals) = postSolution
		SolutionGuid = {C4E72AAE-4E24-42D8-AA6F-68A18D796A2E}
	EndGlobalSection
EndGlobal
